{
  "name": "@akajs/ioc",
  "version": "0.6.2-alpha.0",
  "lockfileVersion": 1,
  "requires": true,
  "dependencies": {
    "inversify": {
      "version": "5.0.1",
      "resolved": "https://registry.npm.taobao.org/inversify/download/inversify-5.0.1.tgz",
      "integrity": "sha1-UA1wmxQ0iWzloNWJFcSkIQ40+24="
    },
    "inversify-binding-decorators": {
      "version": "4.0.0",
      "resolved": "https://registry.npm.taobao.org/inversify-binding-decorators/download/inversify-binding-decorators-4.0.0.tgz",
      "integrity": "sha1-xNGsUNfWUx9GXueJTpIDH3RxyGU="
    },
    "inversify-inject-decorators": {
      "version": "3.1.0",
      "resolved": "https://registry.npm.taobao.org/inversify-inject-decorators/download/inversify-inject-decorators-3.1.0.tgz",
      "integrity": "sha1-2ZQQgLrXfOyKZe4p2QXk1dc+HpU="
    }
  }
}
